github.com/aws/aws-lambda-go v1.10.0 h1:uafgdfYGQD0UeT7d2uKdyWW8j/ZYRifRPIdmeqLzLCk=
github.com/aws/aws-lambda-go v1.10.0/go.mod h1:zUsUQhAUjYzR8AuduJPCfhBuKWUaDbQiPOG+ouzmE1A=
github.com/davecgh/go-spew v1.1.0/go.mod h1:J7Y8YcW2NihsgmVo/mv3lAwl/skON4iLHjSsI+c5H38=
github.com/davecgh/go-spew v1.1.1/go.mod h1:J7Y8YcW2NihsgmVo/mv3lAwl/skON4iLHjSsI+c5H38=
github.com/hixi-hyi/logone-lambda-go v0.0.0-20190427211351-ffee11669f0b/go.mod h1:ICnxIN3d27OQvk1LDT/psaOi16pUZl4hFjAo35mdPuU=
github.com/hixi-hyi/logone-lambda-go v0.0.0-20190523074100-f4c84438d445 h1:qO7+sDeWSEPWBw2JjZpSiY/w+MUm0qR/Aen315yhnE0=
github.com/hixi-hyi/logone-lambda-go v0.0.0-20190523074100-f4c84438d445/go.mod h1:ICnxIN3d27OQvk1LDT/psaOi16pUZl4hFjAo35mdPuU=
github.com/hixi-hyi/logone-lambda-go v0.0.0-20190526014055-eba5ef1e92e3 h1:mkbqVixbFROAAVdieCXQR9IMvsMd1FTlOvaaAqajQDs=
github.com/hixi-hyi/logone-lambda-go v0.0.0-20190526014055-eba5ef1e92e3/go.mod h1:ICnxIN3d27OQvk1LDT/psaOi16pUZl4hFjAo35mdPuU=
github.com/hixi-hyi/logone-lambda-go v0.0.0-20190526021639-230c121db012 h1:TBcetRDoi2CXLrCvBGSmpOxGpZ/M0qR99mv59zW8/wY=
github.com/hixi-hyi/logone-lambda-go v0.0.0-20190526021639-230c121db012/go.mod h1:ICnxIN3d27OQvk1LDT/psaOi16pUZl4hFjAo35mdPuU=
github.com/hixi-hyi/logone-lambda-go v0.0.0-20190526024615-fba0fe6bdcd1 h1:Uy/6E/GDA2EHdSMIrY+5GBrODm3rcj8aua94ITcsFOs=
github.com/hixi-hyi/logone-lambda-go v0.0.0-20190526024615-fba0fe6bdcd1/go.mod h1:ICnxIN3d27OQvk1LDT/psaOi16pUZl4hFjAo35mdPuU=
github.com/hixi-hyi/logone-lambda-go v0.0.0-20190526025132-108f6c15d46a h1:BfUPauKDxzaHjRyIztFWZEP/4+EaJw7QIxkUF9LB4sA=
github.com/hixi-hyi/logone-lambda-go v0.0.0-20190526025132-108f6c15d46a/go.mod h1:ICnxIN3d27OQvk1LDT/psaOi16pUZl4hFjAo35mdPuU=
github.com/pmezard/go-difflib v1.0.0/go.mod h1:iKH77koFhYxTK1pcRnkKkqfTogsbg7gZNVY4sRDYZ/4=
github.com/stretchr/objx v0.1.0/go.mod h1:HFkY916IF+rwdDfMAkV7OtwuqBVzrE8GR6GFx+wExME=
github.com/stretchr/objx v0.2.0/go.mod h1:qt09Ya8vawLte6SNmTgCsAVtYtaKzEcn8ATUoHMkEqE=
github.com/stretchr/testify v1.3.0/go.mod h1:M5WIy9Dh21IEIfnGCwXGc5bZfKNJtfHm1UVUgZn+9EI=
